
Microsoft Visual Studio Solution File, Format Version 12.00
# Visual Studio Version 16
VisualStudioVersion = 25.0.1706.6
MinimumVisualStudioVersion = 10.0.40219.1
Project("{FAE04EC0-301F-11D3-BF4B-00C04F79EFBC}") = "Api-AzureDatabase", "Api-AzureDatabase\Api-AzureDatabase.csproj", "{9704DC2A-0DE8-4837-BD74-E20BD32D9D1C}"
EndProject
Global
	GlobalSection(SolutionConfigurationPlatforms) = preSolution
		Debug|Any CPU = Debug|Any CPU
		Release|Any CPU = Release|Any CPU
	EndGlobalSection
	GlobalSection(ProjectConfigurationPlatforms) = postSolution
		{9704DC2A-0DE8-4837-BD74-E20BD32D9D1C}.Debug|Any CPU.ActiveCfg = Debug|Any CPU
		{9704DC2A-0DE8-4837-BD74-E20BD32D9D1C}.Debug|Any CPU.Build.0 = Debug|Any CPU
		{9704DC2A-0DE8-4837-BD74-E20BD32D9D1C}.Release|Any CPU.ActiveCfg = Release|Any CPU
		{9704DC2A-0DE8-4837-BD74-E20BD32D9D1C}.Release|Any CPU.Build.0 = Release|Any CPU
	EndGlobalSection
	GlobalSection(SolutionProperties) = preSolution
		HideSolutionNode = FALSE
	EndGlobalSection
	GlobalSection(ExtensibilityGlobals) = postSolution
		SolutionGuid = {D5E16356-F2EC-4B9F-8D10-C204751B472E}
	EndGlobalSection
EndGlobal
